
Microsoft Visual Studio Solution File, Format Version 12.00
Project("{FAE04EC0-301F-11D3-BF4B-00C04F79EFBC}") = "SL.WebAPI", "SL.WebAPI\SL.WebAPI.csproj", "{126830FE-172B-46A7-A683-F8863F1FAABD}"
EndProject
Project("{FAE04EC0-301F-11D3-BF4B-00C04F79EFBC}") = "SL.Application", "SL.Application\SL.Application.csproj", "{B0622341-EDF1-4E23-80FD-07A38126D98D}"
EndProject
Project("{FAE04EC0-301F-11D3-BF4B-00C04F79EFBC}") = "SL.Infrastructure", "SL.Infrastructure\SL.Infrastructure.csproj", "{8937E41C-014C-4BD8-BB93-0B97368B6162}"
EndProject
Project("{FAE04EC0-301F-11D3-BF4B-00C04F79EFBC}") = "SL.Domain", "SL.Domain\SL.Domain.csproj", "{AE3B91B5-2E5E-4F60-9597-896768A0560D}"
EndProject
Project("{2150E333-8FDC-42A3-9474-1A3956D46DE8}") = "src", "src", "{8FFA2709-BBBD-4722-9079-0BEDDF66F29E}"
EndProject
Project("{2150E333-8FDC-42A3-9474-1A3956D46DE8}") = "tests", "tests", "{622DCA66-3817-499E-BD6D-16120EAC895A}"
EndProject
Project("{FAE04EC0-301F-11D3-BF4B-00C04F79EFBC}") = "SL.Application.UnitTests", "SL.Application.UnitTests\SL.Application.UnitTests.csproj", "{491AA50B-BD75-462F-9B22-4140F3EA06C2}"
EndProject
Global
	GlobalSection(SolutionConfigurationPlatforms) = preSolution
		Debug|Any CPU = Debug|Any CPU
		Release|Any CPU = Release|Any CPU
	EndGlobalSection
	GlobalSection(ProjectConfigurationPlatforms) = postSolution
		{126830FE-172B-46A7-A683-F8863F1FAABD}.Debug|Any CPU.ActiveCfg = Debug|Any CPU
		{126830FE-172B-46A7-A683-F8863F1FAABD}.Debug|Any CPU.Build.0 = Debug|Any CPU
		{126830FE-172B-46A7-A683-F8863F1FAABD}.Release|Any CPU.ActiveCfg = Release|Any CPU
		{126830FE-172B-46A7-A683-F8863F1FAABD}.Release|Any CPU.Build.0 = Release|Any CPU
		{B0622341-EDF1-4E23-80FD-07A38126D98D}.Debug|Any CPU.ActiveCfg = Debug|Any CPU
		{B0622341-EDF1-4E23-80FD-07A38126D98D}.Debug|Any CPU.Build.0 = Debug|Any CPU
		{B0622341-EDF1-4E23-80FD-07A38126D98D}.Release|Any CPU.ActiveCfg = Release|Any CPU
		{B0622341-EDF1-4E23-80FD-07A38126D98D}.Release|Any CPU.Build.0 = Release|Any CPU
		{8937E41C-014C-4BD8-BB93-0B97368B6162}.Debug|Any CPU.ActiveCfg = Debug|Any CPU
		{8937E41C-014C-4BD8-BB93-0B97368B6162}.Debug|Any CPU.Build.0 = Debug|Any CPU
		{8937E41C-014C-4BD8-BB93-0B97368B6162}.Release|Any CPU.ActiveCfg = Release|Any CPU
		{8937E41C-014C-4BD8-BB93-0B97368B6162}.Release|Any CPU.Build.0 = Release|Any CPU
		{AE3B91B5-2E5E-4F60-9597-896768A0560D}.Debug|Any CPU.ActiveCfg = Debug|Any CPU
		{AE3B91B5-2E5E-4F60-9597-896768A0560D}.Debug|Any CPU.Build.0 = Debug|Any CPU
		{AE3B91B5-2E5E-4F60-9597-896768A0560D}.Release|Any CPU.ActiveCfg = Release|Any CPU
		{AE3B91B5-2E5E-4F60-9597-896768A0560D}.Release|Any CPU.Build.0 = Release|Any CPU
		{491AA50B-BD75-462F-9B22-4140F3EA06C2}.Debug|Any CPU.ActiveCfg = Debug|Any CPU
		{491AA50B-BD75-462F-9B22-4140F3EA06C2}.Debug|Any CPU.Build.0 = Debug|Any CPU
		{491AA50B-BD75-462F-9B22-4140F3EA06C2}.Release|Any CPU.ActiveCfg = Release|Any CPU
		{491AA50B-BD75-462F-9B22-4140F3EA06C2}.Release|Any CPU.Build.0 = Release|Any CPU
	EndGlobalSection
	GlobalSection(NestedProjects) = preSolution
		{B0622341-EDF1-4E23-80FD-07A38126D98D} = {8FFA2709-BBBD-4722-9079-0BEDDF66F29E}
		{AE3B91B5-2E5E-4F60-9597-896768A0560D} = {8FFA2709-BBBD-4722-9079-0BEDDF66F29E}
		{8937E41C-014C-4BD8-BB93-0B97368B6162} = {8FFA2709-BBBD-4722-9079-0BEDDF66F29E}
		{126830FE-172B-46A7-A683-F8863F1FAABD} = {8FFA2709-BBBD-4722-9079-0BEDDF66F29E}
		{491AA50B-BD75-462F-9B22-4140F3EA06C2} = {622DCA66-3817-499E-BD6D-16120EAC895A}
	EndGlobalSection
EndGlobal
